
Microsoft Visual Studio Solution File, Format Version 12.00
# Visual Studio Version 16
VisualStudioVersion = 16.0.29806.167
MinimumVisualStudioVersion = 10.0.40219.1
Project("{FAE04EC0-301F-11D3-BF4B-00C04F79EFBC}") = "ParseAddress", "ParseAddress.csproj", "{0ADF4707-2447-4B1D-8B5B-CF23A6B61870}"
EndProject
Project("{2150E333-8FDC-42A3-9474-1A3956D46DE8}") = "Solution Items", "Solution Items", "{D836F5C4-D221-4F24-899E-A3E626862C18}"
EndProject
Global
	GlobalSection(SolutionConfigurationPlatforms) = preSolution
		Debug|Any CPU = Debug|Any CPU
		Release|Any CPU = Release|Any CPU
	EndGlobalSection
	GlobalSection(ProjectConfigurationPlatforms) = postSolution
		{0ADF4707-2447-4B1D-8B5B-CF23A6B61870}.Debug|Any CPU.ActiveCfg = Debug|Any CPU
		{0ADF4707-2447-4B1D-8B5B-CF23A6B61870}.Debug|Any CPU.Build.0 = Debug|Any CPU
		{0ADF4707-2447-4B1D-8B5B-CF23A6B61870}.Release|Any CPU.ActiveCfg = Release|Any CPU
		{0ADF4707-2447-4B1D-8B5B-CF23A6B61870}.Release|Any CPU.Build.0 = Release|Any CPU
	EndGlobalSection
	GlobalSection(SolutionProperties) = preSolution
		HideSolutionNode = FALSE
	EndGlobalSection
	GlobalSection(ExtensibilityGlobals) = postSolution
		SolutionGuid = {434C2335-B473-4451-9228-1C25DDCFC56C}
	EndGlobalSection
EndGlobal
